
Microsoft Visual Studio Solution File, Format Version 12.00
# Visual Studio Version 17
VisualStudioVersion = 17.0.32014.148
MinimumVisualStudioVersion = 10.0.40219.1
Project("{9A19103F-16F7-4668-BE54-9A1E7A4F7556}") = "Entra21.ExemplosWhile", "Entra21.ExemplosWhile\Entra21.ExemplosWhile.csproj", "{A835BCAD-4A1E-479C-BD22-2E3C1D6C804E}"
EndProject
Project("{9A19103F-16F7-4668-BE54-9A1E7A4F7556}") = "Entra21.ExerciciosWhile", "Entra21.ExerciciosWhile\Entra21.ExerciciosWhile.csproj", "{12899B4D-1761-4E41-9384-9C866B989F1A}"
EndProject
Project("{9A19103F-16F7-4668-BE54-9A1E7A4F7556}") = "Entra21.ExerciciosForVetor", "Entra21.ExerciciosForVetor\Entra21.ExerciciosForVetor.csproj", "{AD545B5D-86C2-462C-B58C-217ED3852BE4}"
EndProject
Project("{FAE04EC0-301F-11D3-BF4B-00C04F79EFBC}") = "Entra21.ExerciciosOO", "Entra21.ExerciciosOO\Entra21.ExerciciosOO.csproj", "{C4E7994F-F821-4981-96E6-B05F6C1DB1FE}"
EndProject
Project("{9A19103F-16F7-4668-BE54-9A1E7A4F7556}") = "Entra21.ExemploOrientacaoObjetos", "entra21.ExemploOrientacaoObjetos\Entra21.ExemploOrientacaoObjetos.csproj", "{6DFC18CE-6F27-4476-B33C-50ED082ADDF9}"
EndProject
Project("{9A19103F-16F7-4668-BE54-9A1E7A4F7556}") = "entra21.ExemploOrientacaoObjetos.Tests", "entra21.ExemploOrientacaoObjetos.Tests\entra21.ExemploOrientacaoObjetos.Tests.csproj", "{D535301E-00EC-4899-A66C-31050D9121C2}"
EndProject
Global
	GlobalSection(SolutionConfigurationPlatforms) = preSolution
		Debug|Any CPU = Debug|Any CPU
		Release|Any CPU = Release|Any CPU
	EndGlobalSection
	GlobalSection(ProjectConfigurationPlatforms) = postSolution
		{A835BCAD-4A1E-479C-BD22-2E3C1D6C804E}.Debug|Any CPU.ActiveCfg = Debug|Any CPU
		{A835BCAD-4A1E-479C-BD22-2E3C1D6C804E}.Debug|Any CPU.Build.0 = Debug|Any CPU
		{A835BCAD-4A1E-479C-BD22-2E3C1D6C804E}.Release|Any CPU.ActiveCfg = Release|Any CPU
		{A835BCAD-4A1E-479C-BD22-2E3C1D6C804E}.Release|Any CPU.Build.0 = Release|Any CPU
		{12899B4D-1761-4E41-9384-9C866B989F1A}.Debug|Any CPU.ActiveCfg = Debug|Any CPU
		{12899B4D-1761-4E41-9384-9C866B989F1A}.Debug|Any CPU.Build.0 = Debug|Any CPU
		{12899B4D-1761-4E41-9384-9C866B989F1A}.Release|Any CPU.ActiveCfg = Release|Any CPU
		{12899B4D-1761-4E41-9384-9C866B989F1A}.Release|Any CPU.Build.0 = Release|Any CPU
		{AD545B5D-86C2-462C-B58C-217ED3852BE4}.Debug|Any CPU.ActiveCfg = Debug|Any CPU
		{AD545B5D-86C2-462C-B58C-217ED3852BE4}.Debug|Any CPU.Build.0 = Debug|Any CPU
		{AD545B5D-86C2-462C-B58C-217ED3852BE4}.Release|Any CPU.ActiveCfg = Release|Any CPU
		{AD545B5D-86C2-462C-B58C-217ED3852BE4}.Release|Any CPU.Build.0 = Release|Any CPU
		{C4E7994F-F821-4981-96E6-B05F6C1DB1FE}.Debug|Any CPU.ActiveCfg = Debug|Any CPU
		{C4E7994F-F821-4981-96E6-B05F6C1DB1FE}.Debug|Any CPU.Build.0 = Debug|Any CPU
		{C4E7994F-F821-4981-96E6-B05F6C1DB1FE}.Release|Any CPU.ActiveCfg = Release|Any CPU
		{C4E7994F-F821-4981-96E6-B05F6C1DB1FE}.Release|Any CPU.Build.0 = Release|Any CPU
		{6DFC18CE-6F27-4476-B33C-50ED082ADDF9}.Debug|Any CPU.ActiveCfg = Debug|Any CPU
		{6DFC18CE-6F27-4476-B33C-50ED082ADDF9}.Debug|Any CPU.Build.0 = Debug|Any CPU
		{6DFC18CE-6F27-4476-B33C-50ED082ADDF9}.Release|Any CPU.ActiveCfg = Release|Any CPU
		{6DFC18CE-6F27-4476-B33C-50ED082ADDF9}.Release|Any CPU.Build.0 = Release|Any CPU
		{D535301E-00EC-4899-A66C-31050D9121C2}.Debug|Any CPU.ActiveCfg = Debug|Any CPU
		{D535301E-00EC-4899-A66C-31050D9121C2}.Debug|Any CPU.Build.0 = Debug|Any CPU
		{D535301E-00EC-4899-A66C-31050D9121C2}.Release|Any CPU.ActiveCfg = Release|Any CPU
		{D535301E-00EC-4899-A66C-31050D9121C2}.Release|Any CPU.Build.0 = Release|Any CPU
	EndGlobalSection
	GlobalSection(SolutionProperties) = preSolution
		HideSolutionNode = FALSE
	EndGlobalSection
	GlobalSection(ExtensibilityGlobals) = postSolution
		SolutionGuid = {0AD09C61-D5B3-4DB0-B5C3-F7114572748D}
	EndGlobalSection
EndGlobal
